
Microsoft Visual Studio Solution File, Format Version 12.00
# Visual Studio Version 17
VisualStudioVersion = 17.3.32901.215
MinimumVisualStudioVersion = 10.0.40219.1
Project("{FAE04EC0-301F-11D3-BF4B-00C04F79EFBC}") = "feladat", "feladat\feladat.csproj", "{28ED085E-B703-4C3F-A7E1-7A5825298A85}"
EndProject
Global
	GlobalSection(SolutionConfigurationPlatforms) = preSolution
		Debug|Any CPU = Debug|Any CPU
		Release|Any CPU = Release|Any CPU
	EndGlobalSection
	GlobalSection(ProjectConfigurationPlatforms) = postSolution
		{28ED085E-B703-4C3F-A7E1-7A5825298A85}.Debug|Any CPU.ActiveCfg = Debug|Any CPU
		{28ED085E-B703-4C3F-A7E1-7A5825298A85}.Debug|Any CPU.Build.0 = Debug|Any CPU
		{28ED085E-B703-4C3F-A7E1-7A5825298A85}.Release|Any CPU.ActiveCfg = Release|Any CPU
		{28ED085E-B703-4C3F-A7E1-7A5825298A85}.Release|Any CPU.Build.0 = Release|Any CPU
	EndGlobalSection
	GlobalSection(SolutionProperties) = preSolution
		HideSolutionNode = FALSE
	EndGlobalSection
	GlobalSection(ExtensibilityGlobals) = postSolution
		SolutionGuid = {A45068F2-EF33-4307-A87A-58849B2BEAB7}
	EndGlobalSection
EndGlobal
